
Microsoft Visual Studio Solution File, Format Version 12.00
# Visual Studio Version 17
VisualStudioVersion = 17.1.32328.378
MinimumVisualStudioVersion = 10.0.40219.1
Project("{9A19103F-16F7-4668-BE54-9A1E7A4F7556}") = "Spielanzeige", "Umsetzung III\Spielanzeige.csproj", "{0DF08787-82E9-4A93-85D9-39CAB0395726}"
EndProject
Project("{54435603-DBB4-11D2-8724-00A0C9A8B90C}") = "UH Spielanzeige", "UH Spielanzeige\UH Spielanzeige.vdproj", "{923ACFC3-616C-4485-9DE4-7172740C01A8}"
EndProject
Project("{9A19103F-16F7-4668-BE54-9A1E7A4F7556}") = "SpielanzeigeTestNUnit", "SpielanzeigeTestNUnit\SpielanzeigeTestNUnit.csproj", "{329E94B4-9CF1-42DB-B7BF-1DA24FB65FF1}"
EndProject
Global
	GlobalSection(SolutionConfigurationPlatforms) = preSolution
		Debug|Any CPU = Debug|Any CPU
		Release|Any CPU = Release|Any CPU
	EndGlobalSection
	GlobalSection(ProjectConfigurationPlatforms) = postSolution
		{0DF08787-82E9-4A93-85D9-39CAB0395726}.Debug|Any CPU.ActiveCfg = Debug|Any CPU
		{0DF08787-82E9-4A93-85D9-39CAB0395726}.Debug|Any CPU.Build.0 = Debug|Any CPU
		{0DF08787-82E9-4A93-85D9-39CAB0395726}.Release|Any CPU.ActiveCfg = Release|Any CPU
		{0DF08787-82E9-4A93-85D9-39CAB0395726}.Release|Any CPU.Build.0 = Release|Any CPU
		{923ACFC3-616C-4485-9DE4-7172740C01A8}.Debug|Any CPU.ActiveCfg = Debug
		{923ACFC3-616C-4485-9DE4-7172740C01A8}.Release|Any CPU.ActiveCfg = Release
		{329E94B4-9CF1-42DB-B7BF-1DA24FB65FF1}.Debug|Any CPU.ActiveCfg = Debug|Any CPU
		{329E94B4-9CF1-42DB-B7BF-1DA24FB65FF1}.Debug|Any CPU.Build.0 = Debug|Any CPU
		{329E94B4-9CF1-42DB-B7BF-1DA24FB65FF1}.Release|Any CPU.ActiveCfg = Release|Any CPU
		{329E94B4-9CF1-42DB-B7BF-1DA24FB65FF1}.Release|Any CPU.Build.0 = Release|Any CPU
	EndGlobalSection
	GlobalSection(SolutionProperties) = preSolution
		HideSolutionNode = FALSE
	EndGlobalSection
	GlobalSection(ExtensibilityGlobals) = postSolution
		SolutionGuid = {685B6CE1-6B25-4831-8817-FB64C483F28A}
	EndGlobalSection
EndGlobal
